
Microsoft Visual Studio Solution File, Format Version 12.00
# Visual Studio Version 16
VisualStudioVersion = 16.0.31205.134
MinimumVisualStudioVersion = 10.0.40219.1
Project("{FAE04EC0-301F-11D3-BF4B-00C04F79EFBC}") = "ClassMetotDemo", "ClassMetotDemo\ClassMetotDemo.csproj", "{B18DF83C-0375-4121-B00D-51D4F5CF536F}"
EndProject
Global
	GlobalSection(SolutionConfigurationPlatforms) = preSolution
		Debug|Any CPU = Debug|Any CPU
		Release|Any CPU = Release|Any CPU
	EndGlobalSection
	GlobalSection(ProjectConfigurationPlatforms) = postSolution
		{B18DF83C-0375-4121-B00D-51D4F5CF536F}.Debug|Any CPU.ActiveCfg = Debug|Any CPU
		{B18DF83C-0375-4121-B00D-51D4F5CF536F}.Debug|Any CPU.Build.0 = Debug|Any CPU
		{B18DF83C-0375-4121-B00D-51D4F5CF536F}.Release|Any CPU.ActiveCfg = Release|Any CPU
		{B18DF83C-0375-4121-B00D-51D4F5CF536F}.Release|Any CPU.Build.0 = Release|Any CPU
	EndGlobalSection
	GlobalSection(SolutionProperties) = preSolution
		HideSolutionNode = FALSE
	EndGlobalSection
	GlobalSection(ExtensibilityGlobals) = postSolution
		SolutionGuid = {6CF602EE-32EA-4507-A5D5-CA9EE551B6B7}
	EndGlobalSection
EndGlobal
