
Microsoft Visual Studio Solution File, Format Version 12.00
# Visual Studio Version 16
VisualStudioVersion = 16.0.31205.134
MinimumVisualStudioVersion = 10.0.40219.1
Project("{9A19103F-16F7-4668-BE54-9A1E7A4F7556}") = "ClassMetotDemo", "ClassMetotDemo\ClassMetotDemo.csproj", "{B18DF83C-0375-4121-B00D-51D4F5CF536F}"
EndProject
Project("{FAE04EC0-301F-11D3-BF4B-00C04F79EFBC}") = "OOP1", "OOP1\OOP1.csproj", "{E43EA395-F34C-4161-B80D-75BFF085DF6E}"
EndProject
Project("{FAE04EC0-301F-11D3-BF4B-00C04F79EFBC}") = "Collections", "Collections\Collections.csproj", "{F7665508-7A13-42A6-8E79-6B394114E270}"
EndProject
Project("{FAE04EC0-301F-11D3-BF4B-00C04F79EFBC}") = "GenericsIntro", "GenericsIntro\GenericsIntro.csproj", "{C77BEFC1-19AF-4410-97C5-5D77F74106E8}"
EndProject
Project("{FAE04EC0-301F-11D3-BF4B-00C04F79EFBC}") = "MyDictionary", "MyDictionary\MyDictionary.csproj", "{4DF398C6-6961-4346-B9FB-71E094019472}"
EndProject
Global
	GlobalSection(SolutionConfigurationPlatforms) = preSolution
		Debug|Any CPU = Debug|Any CPU
		Release|Any CPU = Release|Any CPU
	EndGlobalSection
	GlobalSection(ProjectConfigurationPlatforms) = postSolution
		{B18DF83C-0375-4121-B00D-51D4F5CF536F}.Debug|Any CPU.ActiveCfg = Debug|Any CPU
		{B18DF83C-0375-4121-B00D-51D4F5CF536F}.Debug|Any CPU.Build.0 = Debug|Any CPU
		{B18DF83C-0375-4121-B00D-51D4F5CF536F}.Release|Any CPU.ActiveCfg = Release|Any CPU
		{B18DF83C-0375-4121-B00D-51D4F5CF536F}.Release|Any CPU.Build.0 = Release|Any CPU
		{E43EA395-F34C-4161-B80D-75BFF085DF6E}.Debug|Any CPU.ActiveCfg = Debug|Any CPU
		{E43EA395-F34C-4161-B80D-75BFF085DF6E}.Debug|Any CPU.Build.0 = Debug|Any CPU
		{E43EA395-F34C-4161-B80D-75BFF085DF6E}.Release|Any CPU.ActiveCfg = Release|Any CPU
		{E43EA395-F34C-4161-B80D-75BFF085DF6E}.Release|Any CPU.Build.0 = Release|Any CPU
		{F7665508-7A13-42A6-8E79-6B394114E270}.Debug|Any CPU.ActiveCfg = Debug|Any CPU
		{F7665508-7A13-42A6-8E79-6B394114E270}.Debug|Any CPU.Build.0 = Debug|Any CPU
		{F7665508-7A13-42A6-8E79-6B394114E270}.Release|Any CPU.ActiveCfg = Release|Any CPU
		{F7665508-7A13-42A6-8E79-6B394114E270}.Release|Any CPU.Build.0 = Release|Any CPU
		{C77BEFC1-19AF-4410-97C5-5D77F74106E8}.Debug|Any CPU.ActiveCfg = Debug|Any CPU
		{C77BEFC1-19AF-4410-97C5-5D77F74106E8}.Debug|Any CPU.Build.0 = Debug|Any CPU
		{C77BEFC1-19AF-4410-97C5-5D77F74106E8}.Release|Any CPU.ActiveCfg = Release|Any CPU
		{C77BEFC1-19AF-4410-97C5-5D77F74106E8}.Release|Any CPU.Build.0 = Release|Any CPU
		{4DF398C6-6961-4346-B9FB-71E094019472}.Debug|Any CPU.ActiveCfg = Debug|Any CPU
		{4DF398C6-6961-4346-B9FB-71E094019472}.Debug|Any CPU.Build.0 = Debug|Any CPU
		{4DF398C6-6961-4346-B9FB-71E094019472}.Release|Any CPU.ActiveCfg = Release|Any CPU
		{4DF398C6-6961-4346-B9FB-71E094019472}.Release|Any CPU.Build.0 = Release|Any CPU
	EndGlobalSection
	GlobalSection(SolutionProperties) = preSolution
		HideSolutionNode = FALSE
	EndGlobalSection
	GlobalSection(ExtensibilityGlobals) = postSolution
		SolutionGuid = {6CF602EE-32EA-4507-A5D5-CA9EE551B6B7}
	EndGlobalSection
EndGlobal
